github.com/zncoder/qad v0.0.0-20221008162623-9fb45a4e869c h1:BsbpEQy3BKEaGZfQpC/IjgQ6WK2mJo/m18ySok1Io4I=
github.com/zncoder/qad v0.0.0-20221008162623-9fb45a4e869c/go.mod h1:uXdPa02+VM9oUJOhaI4imCFdAa/7ksmKnyRcaZ0O7+k=
github.com/zncoder/qad v0.0.0-20221008171112-44af7e5e1350 h1:G6b3SooboQtYLyOdzBaO8LF1/gLeR0jYTynlf+Wpp+c=
github.com/zncoder/qad v0.0.0-20221008171112-44af7e5e1350/go.mod h1:uXdPa02+VM9oUJOhaI4imCFdAa/7ksmKnyRcaZ0O7+k=
github.com/zncoder/qad v0.0.0-20221008182241-3564b64ea8c8 h1:D4duc/23BQ7Np6QadEntLeIV+Q/N9ZvTYw/5xpvMWTk=
github.com/zncoder/qad v0.0.0-20221008182241-3564b64ea8c8/go.mod h1:uXdPa02+VM9oUJOhaI4imCFdAa/7ksmKnyRcaZ0O7+k=
